{
  "name": "angular-electron",
  "version": "14.0.1",
  "lockfileVersion": 2,
  "requires": true,
  "packages": {
    "": {
      "name": "angular-electron",
      "version": "14.0.1"
    },
    "node_my_cpp_addons/my_file_copy": {
      "name": "async_worker_promise",
      "version": "0.0.0",
      "extraneous": true,
      "hasInstallScript": true,
      "dependencies": {
        "bindings": "^1.5.0",
        "node-addon-api": "^8.0.0"
      }
    }
  }
}
